
Microsoft Visual Studio Solution File, Format Version 12.00
# Visual Studio Version 16
VisualStudioVersion = 16.0.34031.81
MinimumVisualStudioVersion = 10.0.40219.1
Project("{2150E333-8FDC-42A3-9474-1A3956D46DE8}") = "Task0", "Task0", "{F1DEDB77-BD06-4094-B946-BA1D5F123A14}"
EndProject
Project("{FAE04EC0-301F-11D3-BF4B-00C04F79EFBC}") = "Tyuiu.ModenovaAP.Sprint6.Task0.V3.Lib", "Tyuiu.ModenovaAP.Sprint6.Task0.V3.Lib\Tyuiu.ModenovaAP.Sprint6.Task0.V3.Lib.csproj", "{1310DC26-6DA7-4F87-8FB9-B9AC5310699B}"
EndProject
Project("{FAE04EC0-301F-11D3-BF4B-00C04F79EFBC}") = "Tyuiu.ModenovaAP.Sprint6.Task0.V3.Test", "Tyuiu.ModenovaAP.Sprint6.Task0.V3.Test\Tyuiu.ModenovaAP.Sprint6.Task0.V3.Test.csproj", "{343A889C-7040-421B-BDA5-8AF8937B8885}"
EndProject
Project("{FAE04EC0-301F-11D3-BF4B-00C04F79EFBC}") = "Tyuiu.ModenovaAP.Sprint6.Task0.V3", "Tyuiu.ModenovaAP.Sprint6.Task0.V3\Tyuiu.ModenovaAP.Sprint6.Task0.V3.csproj", "{32085F8C-8B42-449C-A455-956E2E0E8740}"
EndProject
Project("{2150E333-8FDC-42A3-9474-1A3956D46DE8}") = "Task1", "Task1", "{F46778E1-6F55-42FB-9E3F-553370A2D885}"
EndProject
Project("{FAE04EC0-301F-11D3-BF4B-00C04F79EFBC}") = "Tyuiu.ModenovaAP.Sprint6.Task1.V14.Lib", "Tyuiu.ModenovaAP.Sprint6.Task1.V14.Lib\Tyuiu.ModenovaAP.Sprint6.Task1.V14.Lib.csproj", "{817E697B-7530-4FD5-A097-2EFA7066D5F1}"
EndProject
Project("{FAE04EC0-301F-11D3-BF4B-00C04F79EFBC}") = "Tyuiu.ModenovaAP.Sprint6.Task1.V14.Test", "Tyuiu.ModenovaAP.Sprint6.Task1.V14.Test\Tyuiu.ModenovaAP.Sprint6.Task1.V14.Test.csproj", "{32208F55-A470-46F5-905B-373CE5CB501B}"
EndProject
Project("{FAE04EC0-301F-11D3-BF4B-00C04F79EFBC}") = "Tyuiu.ModenovaAP.Sprint6.Task1.V14", "Tyuiu.ModenovaAP.Sprint6.Task1.V14\Tyuiu.ModenovaAP.Sprint6.Task1.V14.csproj", "{7630458A-59CE-4A7A-9A24-7C0810105E2E}"
EndProject
Project("{2150E333-8FDC-42A3-9474-1A3956D46DE8}") = "Task2", "Task2", "{DF187D53-538B-4399-B708-EF177DD69D28}"
EndProject
Project("{FAE04EC0-301F-11D3-BF4B-00C04F79EFBC}") = "Tyuiu.ModenovaAP.Sprint6.Task2.V4.Lib", "Tyuiu.ModenovaAP.Sprint6.Task2.V4.Lib\Tyuiu.ModenovaAP.Sprint6.Task2.V4.Lib.csproj", "{75567C2A-4FB0-438E-AA3A-F6C06044B5B0}"
EndProject
Project("{FAE04EC0-301F-11D3-BF4B-00C04F79EFBC}") = "Tyuiu.ModenovaAP.Sprint6.Task2.V4.Test", "Tyuiu.ModenovaAP.Sprint6.Task2.V4.Test\Tyuiu.ModenovaAP.Sprint6.Task2.V4.Test.csproj", "{3849A222-EDB3-457E-A94C-176278B2284C}"
EndProject
Project("{FAE04EC0-301F-11D3-BF4B-00C04F79EFBC}") = "Tyuiu.ModenovaAP.Sprint6.Task2.V4", "Tyuiu.ModenovaAP.Sprint6.Task2.V4\Tyuiu.ModenovaAP.Sprint6.Task2.V4.csproj", "{6B57A518-513C-4B6C-8C9C-F992ABAAFC05}"
EndProject
Project("{2150E333-8FDC-42A3-9474-1A3956D46DE8}") = "Task3", "Task3", "{3C4BA735-CA3B-4E8B-B697-3172E0ECD780}"
EndProject
Project("{FAE04EC0-301F-11D3-BF4B-00C04F79EFBC}") = "Tyuiu.ModenovaAP.Sprint6.Task3.V4.Lib", "Tyuiu.ModenovaAP.Sprint6.Task3.V4.Lib\Tyuiu.ModenovaAP.Sprint6.Task3.V4.Lib.csproj", "{E7B1D3CB-C1BB-4C57-AED1-92801E1144DE}"
EndProject
Project("{FAE04EC0-301F-11D3-BF4B-00C04F79EFBC}") = "Tyuiu.ModenovaAP.Sprint6.Task3.V4.Test", "Tyuiu.ModenovaAP.Sprint6.Task3.V4.Test\Tyuiu.ModenovaAP.Sprint6.Task3.V4.Test.csproj", "{E6E2F7D1-F7EA-4896-8BB6-0D04D0C505F7}"
EndProject
Project("{FAE04EC0-301F-11D3-BF4B-00C04F79EFBC}") = "Tyuiu.ModenovaAP.Sprint6.Task3.V4", "Tyuiu.ModenovaAP.Sprint6.Task3.V4\Tyuiu.ModenovaAP.Sprint6.Task3.V4.csproj", "{2845461E-9E67-4130-9E78-9E01EA9FB5C9}"
EndProject
Project("{2150E333-8FDC-42A3-9474-1A3956D46DE8}") = "Task4", "Task4", "{0AAB5656-E895-4B21-BFFF-ED44E8B560DC}"
EndProject
Project("{FAE04EC0-301F-11D3-BF4B-00C04F79EFBC}") = "Tyuiu.ModenovaAP.Sprint6.Task4.V1.Lib", "Tyuiu.ModenovaAP.Sprint6.Task4.V1.Lib\Tyuiu.ModenovaAP.Sprint6.Task4.V1.Lib.csproj", "{821469FB-AAE9-4EA4-8B99-0EA7DD9CF40C}"
EndProject
Project("{FAE04EC0-301F-11D3-BF4B-00C04F79EFBC}") = "Tyuiu.ModenovaAP.Sprint6.Task4.V1.Test", "Tyuiu.ModenovaAP.Sprint6.Task4.V1.Test\Tyuiu.ModenovaAP.Sprint6.Task4.V1.Test.csproj", "{D4156130-921A-4F4D-A3AC-74874D1925D4}"
EndProject
Project("{FAE04EC0-301F-11D3-BF4B-00C04F79EFBC}") = "Tyuiu.ModenovaAP.Sprint6.Task4.V1", "Tyuiu.ModenovaAP.Sprint6.Task4.V1\Tyuiu.ModenovaAP.Sprint6.Task4.V1.csproj", "{11A97CDD-DA0F-459A-9031-B3CA8F74C285}"
EndProject
Project("{2150E333-8FDC-42A3-9474-1A3956D46DE8}") = "Task5", "Task5", "{B0D0EBC7-75FB-4DD8-87AB-9C28FC7E1D41}"
EndProject
Project("{FAE04EC0-301F-11D3-BF4B-00C04F79EFBC}") = "Tyuiu.ModenovaAP.Sprint6.Task5.V22.Lib", "Tyuiu.ModenovaAP.Sprint6.Task5.V22.Lib\Tyuiu.ModenovaAP.Sprint6.Task5.V22.Lib.csproj", "{AE4C2D53-7D87-4B6C-B073-397D339E3369}"
EndProject
Project("{FAE04EC0-301F-11D3-BF4B-00C04F79EFBC}") = "Tyuiu.ModenovaAP.Sprint6.Task5.V22.Test", "Tyuiu.ModenovaAP.Sprint6.Task5.V22.Test\Tyuiu.ModenovaAP.Sprint6.Task5.V22.Test.csproj", "{437014FD-EA0F-4D54-BD45-43E3B1A7E89B}"
EndProject
Project("{FAE04EC0-301F-11D3-BF4B-00C04F79EFBC}") = "Tyuiu.ModenovaAP.Sprint6.Task5.V22", "Tyuiu.ModenovaAP.Sprint6.Task5.V22\Tyuiu.ModenovaAP.Sprint6.Task5.V22.csproj", "{3B5AB861-4A5E-41B2-B022-508116C5F85A}"
EndProject
Project("{2150E333-8FDC-42A3-9474-1A3956D46DE8}") = "Task6", "Task6", "{2743786B-5473-41D2-B4AA-F989ACAC0D77}"
EndProject
Project("{FAE04EC0-301F-11D3-BF4B-00C04F79EFBC}") = "Tyuiu.ModenovaAP.Sprint6.Task6.V5.Lib", "Tyuiu.ModenovaAP.Sprint6.Task6.V5.Lib\Tyuiu.ModenovaAP.Sprint6.Task6.V5.Lib.csproj", "{BA899A6D-82DE-42FA-B076-646861920961}"
EndProject
Project("{FAE04EC0-301F-11D3-BF4B-00C04F79EFBC}") = "Tyuiu.ModenovaAP.Sprint6.Task6.V5.Test", "Tyuiu.ModenovaAP.Sprint6.Task6.V5.Test\Tyuiu.ModenovaAP.Sprint6.Task6.V5.Test.csproj", "{6C1DC079-16FD-48CA-8650-DD34D9B6A730}"
EndProject
Project("{FAE04EC0-301F-11D3-BF4B-00C04F79EFBC}") = "Tyuiu.ModenovaAP.Sprint6.Task6.V5", "Tyuiu.ModenovaAP.Sprint6.Task6.V5\Tyuiu.ModenovaAP.Sprint6.Task6.V5.csproj", "{BB2AB4D1-32AF-401F-B97A-EBB17ABEC54B}"
EndProject
Global
	GlobalSection(SolutionConfigurationPlatforms) = preSolution
		Debug|Any CPU = Debug|Any CPU
		Release|Any CPU = Release|Any CPU
	EndGlobalSection
	GlobalSection(ProjectConfigurationPlatforms) = postSolution
		{1310DC26-6DA7-4F87-8FB9-B9AC5310699B}.Debug|Any CPU.ActiveCfg = Debug|Any CPU
		{1310DC26-6DA7-4F87-8FB9-B9AC5310699B}.Debug|Any CPU.Build.0 = Debug|Any CPU
		{1310DC26-6DA7-4F87-8FB9-B9AC5310699B}.Release|Any CPU.ActiveCfg = Release|Any CPU
		{1310DC26-6DA7-4F87-8FB9-B9AC5310699B}.Release|Any CPU.Build.0 = Release|Any CPU
		{343A889C-7040-421B-BDA5-8AF8937B8885}.Debug|Any CPU.ActiveCfg = Debug|Any CPU
		{343A889C-7040-421B-BDA5-8AF8937B8885}.Debug|Any CPU.Build.0 = Debug|Any CPU
		{343A889C-7040-421B-BDA5-8AF8937B8885}.Release|Any CPU.ActiveCfg = Release|Any CPU
		{343A889C-7040-421B-BDA5-8AF8937B8885}.Release|Any CPU.Build.0 = Release|Any CPU
		{32085F8C-8B42-449C-A455-956E2E0E8740}.Debug|Any CPU.ActiveCfg = Debug|Any CPU
		{32085F8C-8B42-449C-A455-956E2E0E8740}.Debug|Any CPU.Build.0 = Debug|Any CPU
		{32085F8C-8B42-449C-A455-956E2E0E8740}.Release|Any CPU.ActiveCfg = Release|Any CPU
		{32085F8C-8B42-449C-A455-956E2E0E8740}.Release|Any CPU.Build.0 = Release|Any CPU
		{817E697B-7530-4FD5-A097-2EFA7066D5F1}.Debug|Any CPU.ActiveCfg = Debug|Any CPU
		{817E697B-7530-4FD5-A097-2EFA7066D5F1}.Debug|Any CPU.Build.0 = Debug|Any CPU
		{817E697B-7530-4FD5-A097-2EFA7066D5F1}.Release|Any CPU.ActiveCfg = Release|Any CPU
		{817E697B-7530-4FD5-A097-2EFA7066D5F1}.Release|Any CPU.Build.0 = Release|Any CPU
		{32208F55-A470-46F5-905B-373CE5CB501B}.Debug|Any CPU.ActiveCfg = Debug|Any CPU
		{32208F55-A470-46F5-905B-373CE5CB501B}.Debug|Any CPU.Build.0 = Debug|Any CPU
		{32208F55-A470-46F5-905B-373CE5CB501B}.Release|Any CPU.ActiveCfg = Release|Any CPU
		{32208F55-A470-46F5-905B-373CE5CB501B}.Release|Any CPU.Build.0 = Release|Any CPU
		{7630458A-59CE-4A7A-9A24-7C0810105E2E}.Debug|Any CPU.ActiveCfg = Debug|Any CPU
		{7630458A-59CE-4A7A-9A24-7C0810105E2E}.Debug|Any CPU.Build.0 = Debug|Any CPU
		{7630458A-59CE-4A7A-9A24-7C0810105E2E}.Release|Any CPU.ActiveCfg = Release|Any CPU
		{7630458A-59CE-4A7A-9A24-7C0810105E2E}.Release|Any CPU.Build.0 = Release|Any CPU
		{75567C2A-4FB0-438E-AA3A-F6C06044B5B0}.Debug|Any CPU.ActiveCfg = Debug|Any CPU
		{75567C2A-4FB0-438E-AA3A-F6C06044B5B0}.Debug|Any CPU.Build.0 = Debug|Any CPU
		{75567C2A-4FB0-438E-AA3A-F6C06044B5B0}.Release|Any CPU.ActiveCfg = Release|Any CPU
		{75567C2A-4FB0-438E-AA3A-F6C06044B5B0}.Release|Any CPU.Build.0 = Release|Any CPU
		{3849A222-EDB3-457E-A94C-176278B2284C}.Debug|Any CPU.ActiveCfg = Debug|Any CPU
		{3849A222-EDB3-457E-A94C-176278B2284C}.Debug|Any CPU.Build.0 = Debug|Any CPU
		{3849A222-EDB3-457E-A94C-176278B2284C}.Release|Any CPU.ActiveCfg = Release|Any CPU
		{3849A222-EDB3-457E-A94C-176278B2284C}.Release|Any CPU.Build.0 = Release|Any CPU
		{6B57A518-513C-4B6C-8C9C-F992ABAAFC05}.Debug|Any CPU.ActiveCfg = Debug|Any CPU
		{6B57A518-513C-4B6C-8C9C-F992ABAAFC05}.Debug|Any CPU.Build.0 = Debug|Any CPU
		{6B57A518-513C-4B6C-8C9C-F992ABAAFC05}.Release|Any CPU.ActiveCfg = Release|Any CPU
		{6B57A518-513C-4B6C-8C9C-F992ABAAFC05}.Release|Any CPU.Build.0 = Release|Any CPU
		{E7B1D3CB-C1BB-4C57-AED1-92801E1144DE}.Debug|Any CPU.ActiveCfg = Debug|Any CPU
		{E7B1D3CB-C1BB-4C57-AED1-92801E1144DE}.Debug|Any CPU.Build.0 = Debug|Any CPU
		{E7B1D3CB-C1BB-4C57-AED1-92801E1144DE}.Release|Any CPU.ActiveCfg = Release|Any CPU
		{E7B1D3CB-C1BB-4C57-AED1-92801E1144DE}.Release|Any CPU.Build.0 = Release|Any CPU
		{E6E2F7D1-F7EA-4896-8BB6-0D04D0C505F7}.Debug|Any CPU.ActiveCfg = Debug|Any CPU
		{E6E2F7D1-F7EA-4896-8BB6-0D04D0C505F7}.Debug|Any CPU.Build.0 = Debug|Any CPU
		{E6E2F7D1-F7EA-4896-8BB6-0D04D0C505F7}.Release|Any CPU.ActiveCfg = Release|Any CPU
		{E6E2F7D1-F7EA-4896-8BB6-0D04D0C505F7}.Release|Any CPU.Build.0 = Release|Any CPU
		{2845461E-9E67-4130-9E78-9E01EA9FB5C9}.Debug|Any CPU.ActiveCfg = Debug|Any CPU
		{2845461E-9E67-4130-9E78-9E01EA9FB5C9}.Debug|Any CPU.Build.0 = Debug|Any CPU
		{2845461E-9E67-4130-9E78-9E01EA9FB5C9}.Release|Any CPU.ActiveCfg = Release|Any CPU
		{2845461E-9E67-4130-9E78-9E01EA9FB5C9}.Release|Any CPU.Build.0 = Release|Any CPU
		{821469FB-AAE9-4EA4-8B99-0EA7DD9CF40C}.Debug|Any CPU.ActiveCfg = Debug|Any CPU
		{821469FB-AAE9-4EA4-8B99-0EA7DD9CF40C}.Debug|Any CPU.Build.0 = Debug|Any CPU
		{821469FB-AAE9-4EA4-8B99-0EA7DD9CF40C}.Release|Any CPU.ActiveCfg = Release|Any CPU
		{821469FB-AAE9-4EA4-8B99-0EA7DD9CF40C}.Release|Any CPU.Build.0 = Release|Any CPU
		{D4156130-921A-4F4D-A3AC-74874D1925D4}.Debug|Any CPU.ActiveCfg = Debug|Any CPU
		{D4156130-921A-4F4D-A3AC-74874D1925D4}.Debug|Any CPU.Build.0 = Debug|Any CPU
		{D4156130-921A-4F4D-A3AC-74874D1925D4}.Release|Any CPU.ActiveCfg = Release|Any CPU
		{D4156130-921A-4F4D-A3AC-74874D1925D4}.Release|Any CPU.Build.0 = Release|Any CPU
		{11A97CDD-DA0F-459A-9031-B3CA8F74C285}.Debug|Any CPU.ActiveCfg = Debug|Any CPU
		{11A97CDD-DA0F-459A-9031-B3CA8F74C285}.Debug|Any CPU.Build.0 = Debug|Any CPU
		{11A97CDD-DA0F-459A-9031-B3CA8F74C285}.Release|Any CPU.ActiveCfg = Release|Any CPU
		{11A97CDD-DA0F-459A-9031-B3CA8F74C285}.Release|Any CPU.Build.0 = Release|Any CPU
		{AE4C2D53-7D87-4B6C-B073-397D339E3369}.Debug|Any CPU.ActiveCfg = Debug|Any CPU
		{AE4C2D53-7D87-4B6C-B073-397D339E3369}.Debug|Any CPU.Build.0 = Debug|Any CPU
		{AE4C2D53-7D87-4B6C-B073-397D339E3369}.Release|Any CPU.ActiveCfg = Release|Any CPU
		{AE4C2D53-7D87-4B6C-B073-397D339E3369}.Release|Any CPU.Build.0 = Release|Any CPU
		{437014FD-EA0F-4D54-BD45-43E3B1A7E89B}.Debug|Any CPU.ActiveCfg = Debug|Any CPU
		{437014FD-EA0F-4D54-BD45-43E3B1A7E89B}.Debug|Any CPU.Build.0 = Debug|Any CPU
		{437014FD-EA0F-4D54-BD45-43E3B1A7E89B}.Release|Any CPU.ActiveCfg = Release|Any CPU
		{437014FD-EA0F-4D54-BD45-43E3B1A7E89B}.Release|Any CPU.Build.0 = Release|Any CPU
		{3B5AB861-4A5E-41B2-B022-508116C5F85A}.Debug|Any CPU.ActiveCfg = Debug|Any CPU
		{3B5AB861-4A5E-41B2-B022-508116C5F85A}.Debug|Any CPU.Build.0 = Debug|Any CPU
		{3B5AB861-4A5E-41B2-B022-508116C5F85A}.Release|Any CPU.ActiveCfg = Release|Any CPU
		{3B5AB861-4A5E-41B2-B022-508116C5F85A}.Release|Any CPU.Build.0 = Release|Any CPU
		{BA899A6D-82DE-42FA-B076-646861920961}.Debug|Any CPU.ActiveCfg = Debug|Any CPU
		{BA899A6D-82DE-42FA-B076-646861920961}.Debug|Any CPU.Build.0 = Debug|Any CPU
		{BA899A6D-82DE-42FA-B076-646861920961}.Release|Any CPU.ActiveCfg = Release|Any CPU
		{BA899A6D-82DE-42FA-B076-646861920961}.Release|Any CPU.Build.0 = Release|Any CPU
		{6C1DC079-16FD-48CA-8650-DD34D9B6A730}.Debug|Any CPU.ActiveCfg = Debug|Any CPU
		{6C1DC079-16FD-48CA-8650-DD34D9B6A730}.Debug|Any CPU.Build.0 = Debug|Any CPU
		{6C1DC079-16FD-48CA-8650-DD34D9B6A730}.Release|Any CPU.ActiveCfg = Release|Any CPU
		{6C1DC079-16FD-48CA-8650-DD34D9B6A730}.Release|Any CPU.Build.0 = Release|Any CPU
		{BB2AB4D1-32AF-401F-B97A-EBB17ABEC54B}.Debug|Any CPU.ActiveCfg = Debug|Any CPU
		{BB2AB4D1-32AF-401F-B97A-EBB17ABEC54B}.Debug|Any CPU.Build.0 = Debug|Any CPU
		{BB2AB4D1-32AF-401F-B97A-EBB17ABEC54B}.Release|Any CPU.ActiveCfg = Release|Any CPU
		{BB2AB4D1-32AF-401F-B97A-EBB17ABEC54B}.Release|Any CPU.Build.0 = Release|Any CPU
	EndGlobalSection
	GlobalSection(SolutionProperties) = preSolution
		HideSolutionNode = FALSE
	EndGlobalSection
	GlobalSection(NestedProjects) = preSolution
		{1310DC26-6DA7-4F87-8FB9-B9AC5310699B} = {F1DEDB77-BD06-4094-B946-BA1D5F123A14}
		{343A889C-7040-421B-BDA5-8AF8937B8885} = {F1DEDB77-BD06-4094-B946-BA1D5F123A14}
		{32085F8C-8B42-449C-A455-956E2E0E8740} = {F1DEDB77-BD06-4094-B946-BA1D5F123A14}
		{817E697B-7530-4FD5-A097-2EFA7066D5F1} = {F46778E1-6F55-42FB-9E3F-553370A2D885}
		{32208F55-A470-46F5-905B-373CE5CB501B} = {F46778E1-6F55-42FB-9E3F-553370A2D885}
		{7630458A-59CE-4A7A-9A24-7C0810105E2E} = {F46778E1-6F55-42FB-9E3F-553370A2D885}
		{75567C2A-4FB0-438E-AA3A-F6C06044B5B0} = {DF187D53-538B-4399-B708-EF177DD69D28}
		{3849A222-EDB3-457E-A94C-176278B2284C} = {DF187D53-538B-4399-B708-EF177DD69D28}
		{6B57A518-513C-4B6C-8C9C-F992ABAAFC05} = {DF187D53-538B-4399-B708-EF177DD69D28}
		{E7B1D3CB-C1BB-4C57-AED1-92801E1144DE} = {3C4BA735-CA3B-4E8B-B697-3172E0ECD780}
		{E6E2F7D1-F7EA-4896-8BB6-0D04D0C505F7} = {3C4BA735-CA3B-4E8B-B697-3172E0ECD780}
		{2845461E-9E67-4130-9E78-9E01EA9FB5C9} = {3C4BA735-CA3B-4E8B-B697-3172E0ECD780}
		{821469FB-AAE9-4EA4-8B99-0EA7DD9CF40C} = {0AAB5656-E895-4B21-BFFF-ED44E8B560DC}
		{D4156130-921A-4F4D-A3AC-74874D1925D4} = {0AAB5656-E895-4B21-BFFF-ED44E8B560DC}
		{11A97CDD-DA0F-459A-9031-B3CA8F74C285} = {0AAB5656-E895-4B21-BFFF-ED44E8B560DC}
		{AE4C2D53-7D87-4B6C-B073-397D339E3369} = {B0D0EBC7-75FB-4DD8-87AB-9C28FC7E1D41}
		{437014FD-EA0F-4D54-BD45-43E3B1A7E89B} = {B0D0EBC7-75FB-4DD8-87AB-9C28FC7E1D41}
		{3B5AB861-4A5E-41B2-B022-508116C5F85A} = {B0D0EBC7-75FB-4DD8-87AB-9C28FC7E1D41}
		{BA899A6D-82DE-42FA-B076-646861920961} = {2743786B-5473-41D2-B4AA-F989ACAC0D77}
		{6C1DC079-16FD-48CA-8650-DD34D9B6A730} = {2743786B-5473-41D2-B4AA-F989ACAC0D77}
		{BB2AB4D1-32AF-401F-B97A-EBB17ABEC54B} = {2743786B-5473-41D2-B4AA-F989ACAC0D77}
	EndGlobalSection
	GlobalSection(ExtensibilityGlobals) = postSolution
		SolutionGuid = {46184C15-77B5-441A-9EF2-56CC96706097}
	EndGlobalSection
EndGlobal
